# THIS IS AN AUTOGENERATED FILE. DO NOT EDIT THIS FILE DIRECTLY.
# yarn lockfile v1


api@1.0.1:
  version "1.0.1"
  dependencies:
    "@vitalets/google-translate-api" "^3.0.0"
    axios "^0.19.2"
    body-parser "^1.19.0"
    dotenv "^8.2.0"
    express "^4.17.1"
    express-server-app "^0.5.1"
    mongoose "^5.9.28"
    natural "^2.1.5"
    node-html-parser "^1.2.20"
    serverless-http "^2.5.0"
    wink-lemmatizer "^3.0.1"