# THIS IS AN AUTOGENERATED FILE. DO NOT EDIT THIS FILE DIRECTLY.
# yarn lockfile v1


front@0.1.0:
  version "0.1.0"
  dependencies:
    "@fortawesome/fontawesome-svg-core" "^1.2.30"
    "@fortawesome/free-brands-svg-icons" "5.12.1"
    "@fortawesome/free-regular-svg-icons" "5.12.1"
    "@fortawesome/free-solid-svg-icons" "^5.14.0"
    "@fortawesome/react-fontawesome" "^0.1.11"
    "@testing-library/jest-dom" "^4.2.4"
    "@testing-library/react" "^9.3.2"
    "@testing-library/user-event" "^7.1.2"
    bootstrap "^4.5.2"
    clsx "^1.1.1"
    dotenv "^8.2.0"
    memoize-one "^5.1.1"
    node-sass "^4.14.1"
    react "^16.13.1"
    react-async-hook "^3.6.1"
    react-cookie "^4.0.3"
    react-dom "^16.13.1"
    react-jsonschema-form-validation "^0.5.6"
    react-metismenu "^1.4.0"
    react-perfect-scrollbar "^1.5.8"
    react-query "^2.5.13"
    react-router-dom "^5.2.0"
    react-scripts "3.4.1"
    react-select "^3.1.0"
    react-uuid "^1.0.2"
    reactstrap "^8.5.1"